
Microsoft Visual Studio Solution File, Format Version 12.00
# Visual Studio Version 17
VisualStudioVersion = 17.7.34009.444
MinimumVisualStudioVersion = 10.0.40219.1
Project("{FAE04EC0-301F-11D3-BF4B-00C04F79EFBC}") = "EventApp", "EventApp\EventApp.csproj", "{BA92CAEF-B454-4F69-B9C3-D6CA522E9214}"
EndProject
Project("{2150E333-8FDC-42A3-9474-1A3956D46DE8}") = "Элементы решения", "Элементы решения", "{5E05D346-7E97-46D1-AF9E-C186E6212E17}"
	ProjectSection(SolutionItems) = preProject
		.gitignore = .gitignore
	EndProjectSection
EndProject
Global
	GlobalSection(SolutionConfigurationPlatforms) = preSolution
		Debug|Any CPU = Debug|Any CPU
		Release|Any CPU = Release|Any CPU
	EndGlobalSection
	GlobalSection(ProjectConfigurationPlatforms) = postSolution
		{BA92CAEF-B454-4F69-B9C3-D6CA522E9214}.Debug|Any CPU.ActiveCfg = Debug|Any CPU
		{BA92CAEF-B454-4F69-B9C3-D6CA522E9214}.Debug|Any CPU.Build.0 = Debug|Any CPU
		{BA92CAEF-B454-4F69-B9C3-D6CA522E9214}.Release|Any CPU.ActiveCfg = Release|Any CPU
		{BA92CAEF-B454-4F69-B9C3-D6CA522E9214}.Release|Any CPU.Build.0 = Release|Any CPU
	EndGlobalSection
	GlobalSection(SolutionProperties) = preSolution
		HideSolutionNode = FALSE
	EndGlobalSection
	GlobalSection(ExtensibilityGlobals) = postSolution
		SolutionGuid = {3EF78715-9797-4E33-A82E-25EA68856BC2}
	EndGlobalSection
EndGlobal
